
Microsoft Visual Studio Solution File, Format Version 12.00
# Visual Studio Version 16
VisualStudioVersion = 16.0.32002.261
MinimumVisualStudioVersion = 10.0.40219.1
Project("{FAE04EC0-301F-11D3-BF4B-00C04F79EFBC}") = "SoproAppFinal", "SoproAppFinal\SoproAppFinal.csproj", "{F7E386AD-0124-49A7-92FB-6A6815776FC1}"
EndProject
Global
	GlobalSection(SolutionConfigurationPlatforms) = preSolution
		Debug|Any CPU = Debug|Any CPU
		Release|Any CPU = Release|Any CPU
	EndGlobalSection
	GlobalSection(ProjectConfigurationPlatforms) = postSolution
		{F7E386AD-0124-49A7-92FB-6A6815776FC1}.Debug|Any CPU.ActiveCfg = Debug|Any CPU
		{F7E386AD-0124-49A7-92FB-6A6815776FC1}.Debug|Any CPU.Build.0 = Debug|Any CPU
		{F7E386AD-0124-49A7-92FB-6A6815776FC1}.Release|Any CPU.ActiveCfg = Release|Any CPU
		{F7E386AD-0124-49A7-92FB-6A6815776FC1}.Release|Any CPU.Build.0 = Release|Any CPU
	EndGlobalSection
	GlobalSection(SolutionProperties) = preSolution
		HideSolutionNode = FALSE
	EndGlobalSection
	GlobalSection(ExtensibilityGlobals) = postSolution
		SolutionGuid = {5B9EE10E-A215-40FA-B580-F6666ECFAB3C}
	EndGlobalSection
EndGlobal
